
Microsoft Visual Studio Solution File, Format Version 12.00
# Visual Studio Version 17
VisualStudioVersion = 17.8.34330.188
MinimumVisualStudioVersion = 10.0.40219.1
Project("{FAE04EC0-301F-11D3-BF4B-00C04F79EFBC}") = "TH", "TH\TH.csproj", "{66B85C81-1CBB-4A10-BCAB-6D1EE3578F49}"
EndProject
Global
	GlobalSection(SolutionConfigurationPlatforms) = preSolution
		Debug|Any CPU = Debug|Any CPU
		Release|Any CPU = Release|Any CPU
	EndGlobalSection
	GlobalSection(ProjectConfigurationPlatforms) = postSolution
		{66B85C81-1CBB-4A10-BCAB-6D1EE3578F49}.Debug|Any CPU.ActiveCfg = Debug|Any CPU
		{66B85C81-1CBB-4A10-BCAB-6D1EE3578F49}.Debug|Any CPU.Build.0 = Debug|Any CPU
		{66B85C81-1CBB-4A10-BCAB-6D1EE3578F49}.Release|Any CPU.ActiveCfg = Release|Any CPU
		{66B85C81-1CBB-4A10-BCAB-6D1EE3578F49}.Release|Any CPU.Build.0 = Release|Any CPU
	EndGlobalSection
	GlobalSection(SolutionProperties) = preSolution
		HideSolutionNode = FALSE
	EndGlobalSection
	GlobalSection(ExtensibilityGlobals) = postSolution
		SolutionGuid = {D384BA5B-709D-49AB-BFAF-DC68A414F6F6}
	EndGlobalSection
EndGlobal
